
Microsoft Visual Studio Solution File, Format Version 12.00
# Visual Studio Version 17
VisualStudioVersion = 17.3.32825.248
MinimumVisualStudioVersion = 10.0.40219.1
Project("{9A19103F-16F7-4668-BE54-9A1E7A4F7556}") = "Mainumbi.Survival.Domain", "src\Mainumbi.Survival.Domain\Mainumbi.Survival.Domain.csproj", "{554AD327-6DBA-4F8F-96F8-81CE7A0C863F}"
EndProject
Project("{9A19103F-16F7-4668-BE54-9A1E7A4F7556}") = "Mainumbi.Wallet.TestBase", "modules\Mainumbi.Wallet\test\Mainumbi.Wallet.TestBase\Mainumbi.Wallet.TestBase.csproj", "{75A5F645-4906-4161-836E-42DC7453E116}"
EndProject
Project("{9A19103F-16F7-4668-BE54-9A1E7A4F7556}") = "Mainumbi.Wallet.HttpApi.Client.ConsoleTestApp", "modules\Mainumbi.Wallet\test\Mainumbi.Wallet.HttpApi.Client.ConsoleTestApp\Mainumbi.Wallet.HttpApi.Client.ConsoleTestApp.csproj", "{4225B82E-9010-4285-B91D-A5B05FFAA6B0}"
EndProject
Project("{9A19103F-16F7-4668-BE54-9A1E7A4F7556}") = "Mainumbi.Wallet.EntityFrameworkCore.Tests", "modules\Mainumbi.Wallet\test\Mainumbi.Wallet.EntityFrameworkCore.Tests\Mainumbi.Wallet.EntityFrameworkCore.Tests.csproj", "{D5FC84C3-8A19-4C2D-AC3C-DC6DA86F8BEB}"
EndProject
Project("{9A19103F-16F7-4668-BE54-9A1E7A4F7556}") = "Mainumbi.Wallet.Domain.Tests", "modules\Mainumbi.Wallet\test\Mainumbi.Wallet.Domain.Tests\Mainumbi.Wallet.Domain.Tests.csproj", "{34C6DBBA-58FA-4A4F-9592-B4998D518D02}"
EndProject
Project("{9A19103F-16F7-4668-BE54-9A1E7A4F7556}") = "Mainumbi.Wallet.Application.Tests", "modules\Mainumbi.Wallet\test\Mainumbi.Wallet.Application.Tests\Mainumbi.Wallet.Application.Tests.csproj", "{AEA2715C-527C-4558-BEC9-F01DA472F615}"
EndProject
Project("{9A19103F-16F7-4668-BE54-9A1E7A4F7556}") = "Mainumbi.Wallet.Installer", "modules\Mainumbi.Wallet\src\Mainumbi.Wallet.Installer\Mainumbi.Wallet.Installer.csproj", "{F621BA34-902C-416C-B80E-9BD7F7923A95}"
EndProject
Project("{9A19103F-16F7-4668-BE54-9A1E7A4F7556}") = "Mainumbi.Wallet.HttpApi.Client", "modules\Mainumbi.Wallet\src\Mainumbi.Wallet.HttpApi.Client\Mainumbi.Wallet.HttpApi.Client.csproj", "{290ABEDD-5956-4633-982A-4BF50B83DF36}"
EndProject
Project("{9A19103F-16F7-4668-BE54-9A1E7A4F7556}") = "Mainumbi.Wallet.HttpApi", "modules\Mainumbi.Wallet\src\Mainumbi.Wallet.HttpApi\Mainumbi.Wallet.HttpApi.csproj", "{16B5A153-ABA7-45CB-B3AD-BBE4B0C5F317}"
EndProject
Project("{9A19103F-16F7-4668-BE54-9A1E7A4F7556}") = "Mainumbi.Wallet.EntityFrameworkCore", "modules\Mainumbi.Wallet\src\Mainumbi.Wallet.EntityFrameworkCore\Mainumbi.Wallet.EntityFrameworkCore.csproj", "{97A6B369-75BF-41A6-82B4-07190A635742}"
EndProject
Project("{9A19103F-16F7-4668-BE54-9A1E7A4F7556}") = "Mainumbi.Wallet.Domain.Shared", "modules\Mainumbi.Wallet\src\Mainumbi.Wallet.Domain.Shared\Mainumbi.Wallet.Domain.Shared.csproj", "{C3CB6165-FECD-475F-B4DA-A51569FDD23A}"
EndProject
Project("{9A19103F-16F7-4668-BE54-9A1E7A4F7556}") = "Mainumbi.Wallet.Domain", "modules\Mainumbi.Wallet\src\Mainumbi.Wallet.Domain\Mainumbi.Wallet.Domain.csproj", "{9D9E275A-4C99-497D-A4FA-BAB539DB5442}"
EndProject
Project("{9A19103F-16F7-4668-BE54-9A1E7A4F7556}") = "Mainumbi.Wallet.Application.Contracts", "modules\Mainumbi.Wallet\src\Mainumbi.Wallet.Application.Contracts\Mainumbi.Wallet.Application.Contracts.csproj", "{E6223BE5-B0FF-45B1-90FE-018FC436038A}"
EndProject
Project("{9A19103F-16F7-4668-BE54-9A1E7A4F7556}") = "Mainumbi.Wallet.Application", "modules\Mainumbi.Wallet\src\Mainumbi.Wallet.Application\Mainumbi.Wallet.Application.csproj", "{75BEF788-999B-43AD-8C3D-EE51183A3E4E}"
EndProject
Project("{2150E333-8FDC-42A3-9474-1A3956D46DE8}") = "Mainumbi.Wallet.Tests", "Mainumbi.Wallet.Tests", "{7E24A9BD-4899-423E-940F-D03EB2007B8B}"
EndProject
Project("{2150E333-8FDC-42A3-9474-1A3956D46DE8}") = "Mainumbi.Wallet", "Mainumbi.Wallet", "{7EAF8CFF-E1D7-4E1A-AA26-740A41F0D53C}"
EndProject
Project("{9A19103F-16F7-4668-BE54-9A1E7A4F7556}") = "Mainumbi.Survival.Application", "src\Mainumbi.Survival.Application\Mainumbi.Survival.Application.csproj", "{1A94A50E-06DC-43C1-80B5-B662820EC3EB}"
EndProject
Project("{9A19103F-16F7-4668-BE54-9A1E7A4F7556}") = "Mainumbi.Survival.EntityFrameworkCore", "src\Mainumbi.Survival.EntityFrameworkCore\Mainumbi.Survival.EntityFrameworkCore.csproj", "{C956DD76-69C8-4A9C-83EA-D17DF83340FD}"
EndProject
Project("{2150E333-8FDC-42A3-9474-1A3956D46DE8}") = "src", "src", "{CA9AC87F-097E-4F15-8393-4BC07735A5B0}"
EndProject
Project("{2150E333-8FDC-42A3-9474-1A3956D46DE8}") = "test", "test", "{04DBDB01-70F4-4E06-B468-8F87850B22BE}"
EndProject
Project("{9A19103F-16F7-4668-BE54-9A1E7A4F7556}") = "Mainumbi.Survival.Application.Tests", "test\Mainumbi.Survival.Application.Tests\Mainumbi.Survival.Application.Tests.csproj", "{50B2631D-129C-47B3-A587-029CCD6099BC}"
EndProject
Project("{9A19103F-16F7-4668-BE54-9A1E7A4F7556}") = "Mainumbi.Survival.Domain.Shared", "src\Mainumbi.Survival.Domain.Shared\Mainumbi.Survival.Domain.Shared.csproj", "{42F719ED-8413-4895-B5B4-5AB56079BC66}"
EndProject
Project("{9A19103F-16F7-4668-BE54-9A1E7A4F7556}") = "Mainumbi.Survival.Application.Contracts", "src\Mainumbi.Survival.Application.Contracts\Mainumbi.Survival.Application.Contracts.csproj", "{520659C8-C734-4298-A3DA-B539DB9DFC0B}"
EndProject
Project("{9A19103F-16F7-4668-BE54-9A1E7A4F7556}") = "Mainumbi.Survival.HttpApi", "src\Mainumbi.Survival.HttpApi\Mainumbi.Survival.HttpApi.csproj", "{4164BDF7-F527-4E85-9CE6-E3C2D7426A27}"
EndProject
Project("{9A19103F-16F7-4668-BE54-9A1E7A4F7556}") = "Mainumbi.Survival.HttpApi.Client", "src\Mainumbi.Survival.HttpApi.Client\Mainumbi.Survival.HttpApi.Client.csproj", "{3B5A0094-670D-4BB1-BFDD-61B88A8773DC}"
EndProject
Project("{9A19103F-16F7-4668-BE54-9A1E7A4F7556}") = "Mainumbi.Survival.IdentityServer", "src\Mainumbi.Survival.IdentityServer\Mainumbi.Survival.IdentityServer.csproj", "{073C361E-B8F4-49F5-93CC-72A3FF49C026}"
EndProject
Project("{9A19103F-16F7-4668-BE54-9A1E7A4F7556}") = "Mainumbi.Survival.HttpApi.Host", "src\Mainumbi.Survival.HttpApi.Host\Mainumbi.Survival.HttpApi.Host.csproj", "{E6D5BF0E-DE92-4D82-A352-EF04B37CB11C}"
EndProject
Project("{9A19103F-16F7-4668-BE54-9A1E7A4F7556}") = "Mainumbi.Survival.EntityFrameworkCore.Tests", "test\Mainumbi.Survival.EntityFrameworkCore.Tests\Mainumbi.Survival.EntityFrameworkCore.Tests.csproj", "{1FE30EB9-74A9-47F5-A9F6-7B1FAB672D81}"
EndProject
Project("{9A19103F-16F7-4668-BE54-9A1E7A4F7556}") = "Mainumbi.Survival.TestBase", "test\Mainumbi.Survival.TestBase\Mainumbi.Survival.TestBase.csproj", "{91853F21-9CD9-4132-BC29-A7D5D84FFFE7}"
EndProject
Project("{9A19103F-16F7-4668-BE54-9A1E7A4F7556}") = "Mainumbi.Survival.Domain.Tests", "test\Mainumbi.Survival.Domain.Tests\Mainumbi.Survival.Domain.Tests.csproj", "{E512F4D9-9375-480F-A2F6-A46509F9D824}"
EndProject
Project("{9A19103F-16F7-4668-BE54-9A1E7A4F7556}") = "Mainumbi.Survival.HttpApi.Client.ConsoleTestApp", "test\Mainumbi.Survival.HttpApi.Client.ConsoleTestApp\Mainumbi.Survival.HttpApi.Client.ConsoleTestApp.csproj", "{EF480016-9127-4916-8735-D2466BDBC582}"
EndProject
Project("{9A19103F-16F7-4668-BE54-9A1E7A4F7556}") = "Mainumbi.Survival.DbMigrator", "src\Mainumbi.Survival.DbMigrator\Mainumbi.Survival.DbMigrator.csproj", "{AA94D832-1CCC-4715-95A9-A483F23A1A5D}"
EndProject
Project("{2150E333-8FDC-42A3-9474-1A3956D46DE8}") = "modules", "modules", "{F6E54B0F-53A7-4E1E-A8DA-48EA1654554B}"
EndProject
Project("{2150E333-8FDC-42A3-9474-1A3956D46DE8}") = "Mainumbi.Pool", "Mainumbi.Pool", "{0E74CA98-2C98-492A-9C19-177E41D0CAC2}"
EndProject
Project("{2150E333-8FDC-42A3-9474-1A3956D46DE8}") = "src", "src", "{5390B4E9-3079-468F-A7BC-5E1F17BB52C3}"
EndProject
Project("{2150E333-8FDC-42A3-9474-1A3956D46DE8}") = "Mainumbi.Pool.Tests", "Mainumbi.Pool.Tests", "{C057BEC6-6771-4AEB-A820-42BCBE6A6A11}"
EndProject
Project("{9A19103F-16F7-4668-BE54-9A1E7A4F7556}") = "Mainumbi.Pool.Application.Tests", "modules\Mainumbi.Pool\test\Mainumbi.Pool.Application.Tests\Mainumbi.Pool.Application.Tests.csproj", "{D1391817-D40B-4F8F-9E5C-4EDA6179D287}"
EndProject
Project("{9A19103F-16F7-4668-BE54-9A1E7A4F7556}") = "Mainumbi.Pool.Domain.Tests", "modules\Mainumbi.Pool\test\Mainumbi.Pool.Domain.Tests\Mainumbi.Pool.Domain.Tests.csproj", "{2241194F-78C1-40E4-AFD8-767500F68120}"
EndProject
Project("{9A19103F-16F7-4668-BE54-9A1E7A4F7556}") = "Mainumbi.Pool.EntityFrameworkCore.Tests", "modules\Mainumbi.Pool\test\Mainumbi.Pool.EntityFrameworkCore.Tests\Mainumbi.Pool.EntityFrameworkCore.Tests.csproj", "{A478EB63-0D30-4B90-9CCF-3F05639A6CA2}"
EndProject
Project("{9A19103F-16F7-4668-BE54-9A1E7A4F7556}") = "Mainumbi.Pool.HttpApi.Client.ConsoleTestApp", "modules\Mainumbi.Pool\test\Mainumbi.Pool.HttpApi.Client.ConsoleTestApp\Mainumbi.Pool.HttpApi.Client.ConsoleTestApp.csproj", "{F856B829-E9B9-4E0B-9C59-867595CE6942}"
EndProject
Project("{9A19103F-16F7-4668-BE54-9A1E7A4F7556}") = "Mainumbi.Pool.TestBase", "modules\Mainumbi.Pool\test\Mainumbi.Pool.TestBase\Mainumbi.Pool.TestBase.csproj", "{24B08673-DE4E-47DB-B1C2-1564DC0D26F7}"
EndProject
Project("{9A19103F-16F7-4668-BE54-9A1E7A4F7556}") = "Mainumbi.Pool.Application", "modules\Mainumbi.Pool\src\Mainumbi.Pool.Application\Mainumbi.Pool.Application.csproj", "{ED158EA3-D539-4931-9D47-C38D29A64DEC}"
EndProject
Project("{9A19103F-16F7-4668-BE54-9A1E7A4F7556}") = "Mainumbi.Pool.Application.Contracts", "modules\Mainumbi.Pool\src\Mainumbi.Pool.Application.Contracts\Mainumbi.Pool.Application.Contracts.csproj", "{8FB9E458-6958-4272-BAD6-8C4F1988918E}"
EndProject
Project("{9A19103F-16F7-4668-BE54-9A1E7A4F7556}") = "Mainumbi.Pool.Domain", "modules\Mainumbi.Pool\src\Mainumbi.Pool.Domain\Mainumbi.Pool.Domain.csproj", "{8ADD83D2-DB81-4603-AC82-0A9AF64FB96A}"
EndProject
Project("{9A19103F-16F7-4668-BE54-9A1E7A4F7556}") = "Mainumbi.Pool.Domain.Shared", "modules\Mainumbi.Pool\src\Mainumbi.Pool.Domain.Shared\Mainumbi.Pool.Domain.Shared.csproj", "{1A71A34D-BF70-4272-A93B-8D99A9395884}"
EndProject
Project("{9A19103F-16F7-4668-BE54-9A1E7A4F7556}") = "Mainumbi.Pool.EntityFrameworkCore", "modules\Mainumbi.Pool\src\Mainumbi.Pool.EntityFrameworkCore\Mainumbi.Pool.EntityFrameworkCore.csproj", "{DA2E97F3-C74F-4948-8F1B-035DA39C4CF1}"
EndProject
Project("{9A19103F-16F7-4668-BE54-9A1E7A4F7556}") = "Mainumbi.Pool.HttpApi", "modules\Mainumbi.Pool\src\Mainumbi.Pool.HttpApi\Mainumbi.Pool.HttpApi.csproj", "{386285FA-B76B-4157-9C96-3A5277F5B2DA}"
EndProject
Project("{9A19103F-16F7-4668-BE54-9A1E7A4F7556}") = "Mainumbi.Pool.HttpApi.Client", "modules\Mainumbi.Pool\src\Mainumbi.Pool.HttpApi.Client\Mainumbi.Pool.HttpApi.Client.csproj", "{8A34EAAF-01C0-4BC9-9E8F-47705624204D}"
EndProject
Project("{9A19103F-16F7-4668-BE54-9A1E7A4F7556}") = "Mainumbi.Pool.Installer", "modules\Mainumbi.Pool\src\Mainumbi.Pool.Installer\Mainumbi.Pool.Installer.csproj", "{3E79520D-DB49-496D-AF9B-2BD40DB8B9F0}"
EndProject
Global
	GlobalSection(SolutionConfigurationPlatforms) = preSolution
		Debug|Any CPU = Debug|Any CPU
		Release|Any CPU = Release|Any CPU
	EndGlobalSection
	GlobalSection(ProjectConfigurationPlatforms) = postSolution
		{554AD327-6DBA-4F8F-96F8-81CE7A0C863F}.Debug|Any CPU.ActiveCfg = Debug|Any CPU
		{554AD327-6DBA-4F8F-96F8-81CE7A0C863F}.Debug|Any CPU.Build.0 = Debug|Any CPU
		{554AD327-6DBA-4F8F-96F8-81CE7A0C863F}.Release|Any CPU.ActiveCfg = Release|Any CPU
		{554AD327-6DBA-4F8F-96F8-81CE7A0C863F}.Release|Any CPU.Build.0 = Release|Any CPU
		{75A5F645-4906-4161-836E-42DC7453E116}.Debug|Any CPU.ActiveCfg = Debug|Any CPU
		{75A5F645-4906-4161-836E-42DC7453E116}.Debug|Any CPU.Build.0 = Debug|Any CPU
		{75A5F645-4906-4161-836E-42DC7453E116}.Release|Any CPU.ActiveCfg = Release|Any CPU
		{75A5F645-4906-4161-836E-42DC7453E116}.Release|Any CPU.Build.0 = Release|Any CPU
		{4225B82E-9010-4285-B91D-A5B05FFAA6B0}.Debug|Any CPU.ActiveCfg = Debug|Any CPU
		{4225B82E-9010-4285-B91D-A5B05FFAA6B0}.Debug|Any CPU.Build.0 = Debug|Any CPU
		{4225B82E-9010-4285-B91D-A5B05FFAA6B0}.Release|Any CPU.ActiveCfg = Release|Any CPU
		{4225B82E-9010-4285-B91D-A5B05FFAA6B0}.Release|Any CPU.Build.0 = Release|Any CPU
		{D5FC84C3-8A19-4C2D-AC3C-DC6DA86F8BEB}.Debug|Any CPU.ActiveCfg = Debug|Any CPU
		{D5FC84C3-8A19-4C2D-AC3C-DC6DA86F8BEB}.Debug|Any CPU.Build.0 = Debug|Any CPU
		{D5FC84C3-8A19-4C2D-AC3C-DC6DA86F8BEB}.Release|Any CPU.ActiveCfg = Release|Any CPU
		{D5FC84C3-8A19-4C2D-AC3C-DC6DA86F8BEB}.Release|Any CPU.Build.0 = Release|Any CPU
		{34C6DBBA-58FA-4A4F-9592-B4998D518D02}.Debug|Any CPU.ActiveCfg = Debug|Any CPU
		{34C6DBBA-58FA-4A4F-9592-B4998D518D02}.Debug|Any CPU.Build.0 = Debug|Any CPU
		{34C6DBBA-58FA-4A4F-9592-B4998D518D02}.Release|Any CPU.ActiveCfg = Release|Any CPU
		{34C6DBBA-58FA-4A4F-9592-B4998D518D02}.Release|Any CPU.Build.0 = Release|Any CPU
		{AEA2715C-527C-4558-BEC9-F01DA472F615}.Debug|Any CPU.ActiveCfg = Debug|Any CPU
		{AEA2715C-527C-4558-BEC9-F01DA472F615}.Debug|Any CPU.Build.0 = Debug|Any CPU
		{AEA2715C-527C-4558-BEC9-F01DA472F615}.Release|Any CPU.ActiveCfg = Release|Any CPU
		{AEA2715C-527C-4558-BEC9-F01DA472F615}.Release|Any CPU.Build.0 = Release|Any CPU
		{F621BA34-902C-416C-B80E-9BD7F7923A95}.Debug|Any CPU.ActiveCfg = Debug|Any CPU
		{F621BA34-902C-416C-B80E-9BD7F7923A95}.Debug|Any CPU.Build.0 = Debug|Any CPU
		{F621BA34-902C-416C-B80E-9BD7F7923A95}.Release|Any CPU.ActiveCfg = Release|Any CPU
		{F621BA34-902C-416C-B80E-9BD7F7923A95}.Release|Any CPU.Build.0 = Release|Any CPU
		{290ABEDD-5956-4633-982A-4BF50B83DF36}.Debug|Any CPU.ActiveCfg = Debug|Any CPU
		{290ABEDD-5956-4633-982A-4BF50B83DF36}.Debug|Any CPU.Build.0 = Debug|Any CPU
		{290ABEDD-5956-4633-982A-4BF50B83DF36}.Release|Any CPU.ActiveCfg = Release|Any CPU
		{290ABEDD-5956-4633-982A-4BF50B83DF36}.Release|Any CPU.Build.0 = Release|Any CPU
		{16B5A153-ABA7-45CB-B3AD-BBE4B0C5F317}.Debug|Any CPU.ActiveCfg = Debug|Any CPU
		{16B5A153-ABA7-45CB-B3AD-BBE4B0C5F317}.Debug|Any CPU.Build.0 = Debug|Any CPU
		{16B5A153-ABA7-45CB-B3AD-BBE4B0C5F317}.Release|Any CPU.ActiveCfg = Release|Any CPU
		{16B5A153-ABA7-45CB-B3AD-BBE4B0C5F317}.Release|Any CPU.Build.0 = Release|Any CPU
		{97A6B369-75BF-41A6-82B4-07190A635742}.Debug|Any CPU.ActiveCfg = Debug|Any CPU
		{97A6B369-75BF-41A6-82B4-07190A635742}.Debug|Any CPU.Build.0 = Debug|Any CPU
		{97A6B369-75BF-41A6-82B4-07190A635742}.Release|Any CPU.ActiveCfg = Release|Any CPU
		{97A6B369-75BF-41A6-82B4-07190A635742}.Release|Any CPU.Build.0 = Release|Any CPU
		{C3CB6165-FECD-475F-B4DA-A51569FDD23A}.Debug|Any CPU.ActiveCfg = Debug|Any CPU
		{C3CB6165-FECD-475F-B4DA-A51569FDD23A}.Debug|Any CPU.Build.0 = Debug|Any CPU
		{C3CB6165-FECD-475F-B4DA-A51569FDD23A}.Release|Any CPU.ActiveCfg = Release|Any CPU
		{C3CB6165-FECD-475F-B4DA-A51569FDD23A}.Release|Any CPU.Build.0 = Release|Any CPU
		{9D9E275A-4C99-497D-A4FA-BAB539DB5442}.Debug|Any CPU.ActiveCfg = Debug|Any CPU
		{9D9E275A-4C99-497D-A4FA-BAB539DB5442}.Debug|Any CPU.Build.0 = Debug|Any CPU
		{9D9E275A-4C99-497D-A4FA-BAB539DB5442}.Release|Any CPU.ActiveCfg = Release|Any CPU
		{9D9E275A-4C99-497D-A4FA-BAB539DB5442}.Release|Any CPU.Build.0 = Release|Any CPU
		{E6223BE5-B0FF-45B1-90FE-018FC436038A}.Debug|Any CPU.ActiveCfg = Debug|Any CPU
		{E6223BE5-B0FF-45B1-90FE-018FC436038A}.Debug|Any CPU.Build.0 = Debug|Any CPU
		{E6223BE5-B0FF-45B1-90FE-018FC436038A}.Release|Any CPU.ActiveCfg = Release|Any CPU
		{E6223BE5-B0FF-45B1-90FE-018FC436038A}.Release|Any CPU.Build.0 = Release|Any CPU
		{75BEF788-999B-43AD-8C3D-EE51183A3E4E}.Debug|Any CPU.ActiveCfg = Debug|Any CPU
		{75BEF788-999B-43AD-8C3D-EE51183A3E4E}.Debug|Any CPU.Build.0 = Debug|Any CPU
		{75BEF788-999B-43AD-8C3D-EE51183A3E4E}.Release|Any CPU.ActiveCfg = Release|Any CPU
		{75BEF788-999B-43AD-8C3D-EE51183A3E4E}.Release|Any CPU.Build.0 = Release|Any CPU
		{1A94A50E-06DC-43C1-80B5-B662820EC3EB}.Debug|Any CPU.ActiveCfg = Debug|Any CPU
		{1A94A50E-06DC-43C1-80B5-B662820EC3EB}.Debug|Any CPU.Build.0 = Debug|Any CPU
		{1A94A50E-06DC-43C1-80B5-B662820EC3EB}.Release|Any CPU.ActiveCfg = Release|Any CPU
		{1A94A50E-06DC-43C1-80B5-B662820EC3EB}.Release|Any CPU.Build.0 = Release|Any CPU
		{C956DD76-69C8-4A9C-83EA-D17DF83340FD}.Debug|Any CPU.ActiveCfg = Debug|Any CPU
		{C956DD76-69C8-4A9C-83EA-D17DF83340FD}.Debug|Any CPU.Build.0 = Debug|Any CPU
		{C956DD76-69C8-4A9C-83EA-D17DF83340FD}.Release|Any CPU.ActiveCfg = Release|Any CPU
		{C956DD76-69C8-4A9C-83EA-D17DF83340FD}.Release|Any CPU.Build.0 = Release|Any CPU
		{50B2631D-129C-47B3-A587-029CCD6099BC}.Debug|Any CPU.ActiveCfg = Debug|Any CPU
		{50B2631D-129C-47B3-A587-029CCD6099BC}.Debug|Any CPU.Build.0 = Debug|Any CPU
		{50B2631D-129C-47B3-A587-029CCD6099BC}.Release|Any CPU.ActiveCfg = Release|Any CPU
		{50B2631D-129C-47B3-A587-029CCD6099BC}.Release|Any CPU.Build.0 = Release|Any CPU
		{42F719ED-8413-4895-B5B4-5AB56079BC66}.Debug|Any CPU.ActiveCfg = Debug|Any CPU
		{42F719ED-8413-4895-B5B4-5AB56079BC66}.Debug|Any CPU.Build.0 = Debug|Any CPU
		{42F719ED-8413-4895-B5B4-5AB56079BC66}.Release|Any CPU.ActiveCfg = Release|Any CPU
		{42F719ED-8413-4895-B5B4-5AB56079BC66}.Release|Any CPU.Build.0 = Release|Any CPU
		{520659C8-C734-4298-A3DA-B539DB9DFC0B}.Debug|Any CPU.ActiveCfg = Debug|Any CPU
		{520659C8-C734-4298-A3DA-B539DB9DFC0B}.Debug|Any CPU.Build.0 = Debug|Any CPU
		{520659C8-C734-4298-A3DA-B539DB9DFC0B}.Release|Any CPU.ActiveCfg = Release|Any CPU
		{520659C8-C734-4298-A3DA-B539DB9DFC0B}.Release|Any CPU.Build.0 = Release|Any CPU
		{4164BDF7-F527-4E85-9CE6-E3C2D7426A27}.Debug|Any CPU.ActiveCfg = Debug|Any CPU
		{4164BDF7-F527-4E85-9CE6-E3C2D7426A27}.Debug|Any CPU.Build.0 = Debug|Any CPU
		{4164BDF7-F527-4E85-9CE6-E3C2D7426A27}.Release|Any CPU.ActiveCfg = Release|Any CPU
		{4164BDF7-F527-4E85-9CE6-E3C2D7426A27}.Release|Any CPU.Build.0 = Release|Any CPU
		{3B5A0094-670D-4BB1-BFDD-61B88A8773DC}.Debug|Any CPU.ActiveCfg = Debug|Any CPU
		{3B5A0094-670D-4BB1-BFDD-61B88A8773DC}.Debug|Any CPU.Build.0 = Debug|Any CPU
		{3B5A0094-670D-4BB1-BFDD-61B88A8773DC}.Release|Any CPU.ActiveCfg = Release|Any CPU
		{3B5A0094-670D-4BB1-BFDD-61B88A8773DC}.Release|Any CPU.Build.0 = Release|Any CPU
		{073C361E-B8F4-49F5-93CC-72A3FF49C026}.Debug|Any CPU.ActiveCfg = Debug|Any CPU
		{073C361E-B8F4-49F5-93CC-72A3FF49C026}.Debug|Any CPU.Build.0 = Debug|Any CPU
		{073C361E-B8F4-49F5-93CC-72A3FF49C026}.Release|Any CPU.ActiveCfg = Release|Any CPU
		{073C361E-B8F4-49F5-93CC-72A3FF49C026}.Release|Any CPU.Build.0 = Release|Any CPU
		{E6D5BF0E-DE92-4D82-A352-EF04B37CB11C}.Debug|Any CPU.ActiveCfg = Debug|Any CPU
		{E6D5BF0E-DE92-4D82-A352-EF04B37CB11C}.Debug|Any CPU.Build.0 = Debug|Any CPU
		{E6D5BF0E-DE92-4D82-A352-EF04B37CB11C}.Release|Any CPU.ActiveCfg = Release|Any CPU
		{E6D5BF0E-DE92-4D82-A352-EF04B37CB11C}.Release|Any CPU.Build.0 = Release|Any CPU
		{1FE30EB9-74A9-47F5-A9F6-7B1FAB672D81}.Debug|Any CPU.ActiveCfg = Debug|Any CPU
		{1FE30EB9-74A9-47F5-A9F6-7B1FAB672D81}.Debug|Any CPU.Build.0 = Debug|Any CPU
		{1FE30EB9-74A9-47F5-A9F6-7B1FAB672D81}.Release|Any CPU.ActiveCfg = Release|Any CPU
		{1FE30EB9-74A9-47F5-A9F6-7B1FAB672D81}.Release|Any CPU.Build.0 = Release|Any CPU
		{91853F21-9CD9-4132-BC29-A7D5D84FFFE7}.Debug|Any CPU.ActiveCfg = Debug|Any CPU
		{91853F21-9CD9-4132-BC29-A7D5D84FFFE7}.Debug|Any CPU.Build.0 = Debug|Any CPU
		{91853F21-9CD9-4132-BC29-A7D5D84FFFE7}.Release|Any CPU.ActiveCfg = Release|Any CPU
		{91853F21-9CD9-4132-BC29-A7D5D84FFFE7}.Release|Any CPU.Build.0 = Release|Any CPU
		{E512F4D9-9375-480F-A2F6-A46509F9D824}.Debug|Any CPU.ActiveCfg = Debug|Any CPU
		{E512F4D9-9375-480F-A2F6-A46509F9D824}.Debug|Any CPU.Build.0 = Debug|Any CPU
		{E512F4D9-9375-480F-A2F6-A46509F9D824}.Release|Any CPU.ActiveCfg = Release|Any CPU
		{E512F4D9-9375-480F-A2F6-A46509F9D824}.Release|Any CPU.Build.0 = Release|Any CPU
		{EF480016-9127-4916-8735-D2466BDBC582}.Debug|Any CPU.ActiveCfg = Debug|Any CPU
		{EF480016-9127-4916-8735-D2466BDBC582}.Debug|Any CPU.Build.0 = Debug|Any CPU
		{EF480016-9127-4916-8735-D2466BDBC582}.Release|Any CPU.ActiveCfg = Release|Any CPU
		{EF480016-9127-4916-8735-D2466BDBC582}.Release|Any CPU.Build.0 = Release|Any CPU
		{AA94D832-1CCC-4715-95A9-A483F23A1A5D}.Debug|Any CPU.ActiveCfg = Debug|Any CPU
		{AA94D832-1CCC-4715-95A9-A483F23A1A5D}.Debug|Any CPU.Build.0 = Debug|Any CPU
		{AA94D832-1CCC-4715-95A9-A483F23A1A5D}.Release|Any CPU.ActiveCfg = Release|Any CPU
		{AA94D832-1CCC-4715-95A9-A483F23A1A5D}.Release|Any CPU.Build.0 = Release|Any CPU
		{D1391817-D40B-4F8F-9E5C-4EDA6179D287}.Debug|Any CPU.ActiveCfg = Debug|Any CPU
		{D1391817-D40B-4F8F-9E5C-4EDA6179D287}.Debug|Any CPU.Build.0 = Debug|Any CPU
		{D1391817-D40B-4F8F-9E5C-4EDA6179D287}.Release|Any CPU.ActiveCfg = Release|Any CPU
		{D1391817-D40B-4F8F-9E5C-4EDA6179D287}.Release|Any CPU.Build.0 = Release|Any CPU
		{2241194F-78C1-40E4-AFD8-767500F68120}.Debug|Any CPU.ActiveCfg = Debug|Any CPU
		{2241194F-78C1-40E4-AFD8-767500F68120}.Debug|Any CPU.Build.0 = Debug|Any CPU
		{2241194F-78C1-40E4-AFD8-767500F68120}.Release|Any CPU.ActiveCfg = Release|Any CPU
		{2241194F-78C1-40E4-AFD8-767500F68120}.Release|Any CPU.Build.0 = Release|Any CPU
		{A478EB63-0D30-4B90-9CCF-3F05639A6CA2}.Debug|Any CPU.ActiveCfg = Debug|Any CPU
		{A478EB63-0D30-4B90-9CCF-3F05639A6CA2}.Debug|Any CPU.Build.0 = Debug|Any CPU
		{A478EB63-0D30-4B90-9CCF-3F05639A6CA2}.Release|Any CPU.ActiveCfg = Release|Any CPU
		{A478EB63-0D30-4B90-9CCF-3F05639A6CA2}.Release|Any CPU.Build.0 = Release|Any CPU
		{F856B829-E9B9-4E0B-9C59-867595CE6942}.Debug|Any CPU.ActiveCfg = Debug|Any CPU
		{F856B829-E9B9-4E0B-9C59-867595CE6942}.Debug|Any CPU.Build.0 = Debug|Any CPU
		{F856B829-E9B9-4E0B-9C59-867595CE6942}.Release|Any CPU.ActiveCfg = Release|Any CPU
		{F856B829-E9B9-4E0B-9C59-867595CE6942}.Release|Any CPU.Build.0 = Release|Any CPU
		{24B08673-DE4E-47DB-B1C2-1564DC0D26F7}.Debug|Any CPU.ActiveCfg = Debug|Any CPU
		{24B08673-DE4E-47DB-B1C2-1564DC0D26F7}.Debug|Any CPU.Build.0 = Debug|Any CPU
		{24B08673-DE4E-47DB-B1C2-1564DC0D26F7}.Release|Any CPU.ActiveCfg = Release|Any CPU
		{24B08673-DE4E-47DB-B1C2-1564DC0D26F7}.Release|Any CPU.Build.0 = Release|Any CPU
		{ED158EA3-D539-4931-9D47-C38D29A64DEC}.Debug|Any CPU.ActiveCfg = Debug|Any CPU
		{ED158EA3-D539-4931-9D47-C38D29A64DEC}.Debug|Any CPU.Build.0 = Debug|Any CPU
		{ED158EA3-D539-4931-9D47-C38D29A64DEC}.Release|Any CPU.ActiveCfg = Release|Any CPU
		{ED158EA3-D539-4931-9D47-C38D29A64DEC}.Release|Any CPU.Build.0 = Release|Any CPU
		{8FB9E458-6958-4272-BAD6-8C4F1988918E}.Debug|Any CPU.ActiveCfg = Debug|Any CPU
		{8FB9E458-6958-4272-BAD6-8C4F1988918E}.Debug|Any CPU.Build.0 = Debug|Any CPU
		{8FB9E458-6958-4272-BAD6-8C4F1988918E}.Release|Any CPU.ActiveCfg = Release|Any CPU
		{8FB9E458-6958-4272-BAD6-8C4F1988918E}.Release|Any CPU.Build.0 = Release|Any CPU
		{8ADD83D2-DB81-4603-AC82-0A9AF64FB96A}.Debug|Any CPU.ActiveCfg = Debug|Any CPU
		{8ADD83D2-DB81-4603-AC82-0A9AF64FB96A}.Debug|Any CPU.Build.0 = Debug|Any CPU
		{8ADD83D2-DB81-4603-AC82-0A9AF64FB96A}.Release|Any CPU.ActiveCfg = Release|Any CPU
		{8ADD83D2-DB81-4603-AC82-0A9AF64FB96A}.Release|Any CPU.Build.0 = Release|Any CPU
		{1A71A34D-BF70-4272-A93B-8D99A9395884}.Debug|Any CPU.ActiveCfg = Debug|Any CPU
		{1A71A34D-BF70-4272-A93B-8D99A9395884}.Debug|Any CPU.Build.0 = Debug|Any CPU
		{1A71A34D-BF70-4272-A93B-8D99A9395884}.Release|Any CPU.ActiveCfg = Release|Any CPU
		{1A71A34D-BF70-4272-A93B-8D99A9395884}.Release|Any CPU.Build.0 = Release|Any CPU
		{DA2E97F3-C74F-4948-8F1B-035DA39C4CF1}.Debug|Any CPU.ActiveCfg = Debug|Any CPU
		{DA2E97F3-C74F-4948-8F1B-035DA39C4CF1}.Debug|Any CPU.Build.0 = Debug|Any CPU
		{DA2E97F3-C74F-4948-8F1B-035DA39C4CF1}.Release|Any CPU.ActiveCfg = Release|Any CPU
		{DA2E97F3-C74F-4948-8F1B-035DA39C4CF1}.Release|Any CPU.Build.0 = Release|Any CPU
		{386285FA-B76B-4157-9C96-3A5277F5B2DA}.Debug|Any CPU.ActiveCfg = Debug|Any CPU
		{386285FA-B76B-4157-9C96-3A5277F5B2DA}.Debug|Any CPU.Build.0 = Debug|Any CPU
		{386285FA-B76B-4157-9C96-3A5277F5B2DA}.Release|Any CPU.ActiveCfg = Release|Any CPU
		{386285FA-B76B-4157-9C96-3A5277F5B2DA}.Release|Any CPU.Build.0 = Release|Any CPU
		{8A34EAAF-01C0-4BC9-9E8F-47705624204D}.Debug|Any CPU.ActiveCfg = Debug|Any CPU
		{8A34EAAF-01C0-4BC9-9E8F-47705624204D}.Debug|Any CPU.Build.0 = Debug|Any CPU
		{8A34EAAF-01C0-4BC9-9E8F-47705624204D}.Release|Any CPU.ActiveCfg = Release|Any CPU
		{8A34EAAF-01C0-4BC9-9E8F-47705624204D}.Release|Any CPU.Build.0 = Release|Any CPU
		{3E79520D-DB49-496D-AF9B-2BD40DB8B9F0}.Debug|Any CPU.ActiveCfg = Debug|Any CPU
		{3E79520D-DB49-496D-AF9B-2BD40DB8B9F0}.Debug|Any CPU.Build.0 = Debug|Any CPU
		{3E79520D-DB49-496D-AF9B-2BD40DB8B9F0}.Release|Any CPU.ActiveCfg = Release|Any CPU
		{3E79520D-DB49-496D-AF9B-2BD40DB8B9F0}.Release|Any CPU.Build.0 = Release|Any CPU
	EndGlobalSection
	GlobalSection(SolutionProperties) = preSolution
		HideSolutionNode = FALSE
	EndGlobalSection
	GlobalSection(NestedProjects) = preSolution
		{554AD327-6DBA-4F8F-96F8-81CE7A0C863F} = {CA9AC87F-097E-4F15-8393-4BC07735A5B0}
		{75A5F645-4906-4161-836E-42DC7453E116} = {7E24A9BD-4899-423E-940F-D03EB2007B8B}
		{4225B82E-9010-4285-B91D-A5B05FFAA6B0} = {7E24A9BD-4899-423E-940F-D03EB2007B8B}
		{D5FC84C3-8A19-4C2D-AC3C-DC6DA86F8BEB} = {7E24A9BD-4899-423E-940F-D03EB2007B8B}
		{34C6DBBA-58FA-4A4F-9592-B4998D518D02} = {7E24A9BD-4899-423E-940F-D03EB2007B8B}
		{AEA2715C-527C-4558-BEC9-F01DA472F615} = {7E24A9BD-4899-423E-940F-D03EB2007B8B}
		{F621BA34-902C-416C-B80E-9BD7F7923A95} = {7EAF8CFF-E1D7-4E1A-AA26-740A41F0D53C}
		{290ABEDD-5956-4633-982A-4BF50B83DF36} = {7EAF8CFF-E1D7-4E1A-AA26-740A41F0D53C}
		{16B5A153-ABA7-45CB-B3AD-BBE4B0C5F317} = {7EAF8CFF-E1D7-4E1A-AA26-740A41F0D53C}
		{97A6B369-75BF-41A6-82B4-07190A635742} = {7EAF8CFF-E1D7-4E1A-AA26-740A41F0D53C}
		{C3CB6165-FECD-475F-B4DA-A51569FDD23A} = {7EAF8CFF-E1D7-4E1A-AA26-740A41F0D53C}
		{9D9E275A-4C99-497D-A4FA-BAB539DB5442} = {7EAF8CFF-E1D7-4E1A-AA26-740A41F0D53C}
		{E6223BE5-B0FF-45B1-90FE-018FC436038A} = {7EAF8CFF-E1D7-4E1A-AA26-740A41F0D53C}
		{75BEF788-999B-43AD-8C3D-EE51183A3E4E} = {7EAF8CFF-E1D7-4E1A-AA26-740A41F0D53C}
		{7E24A9BD-4899-423E-940F-D03EB2007B8B} = {04DBDB01-70F4-4E06-B468-8F87850B22BE}
		{7EAF8CFF-E1D7-4E1A-AA26-740A41F0D53C} = {F6E54B0F-53A7-4E1E-A8DA-48EA1654554B}
		{1A94A50E-06DC-43C1-80B5-B662820EC3EB} = {CA9AC87F-097E-4F15-8393-4BC07735A5B0}
		{C956DD76-69C8-4A9C-83EA-D17DF83340FD} = {CA9AC87F-097E-4F15-8393-4BC07735A5B0}
		{50B2631D-129C-47B3-A587-029CCD6099BC} = {04DBDB01-70F4-4E06-B468-8F87850B22BE}
		{42F719ED-8413-4895-B5B4-5AB56079BC66} = {CA9AC87F-097E-4F15-8393-4BC07735A5B0}
		{520659C8-C734-4298-A3DA-B539DB9DFC0B} = {CA9AC87F-097E-4F15-8393-4BC07735A5B0}
		{4164BDF7-F527-4E85-9CE6-E3C2D7426A27} = {CA9AC87F-097E-4F15-8393-4BC07735A5B0}
		{3B5A0094-670D-4BB1-BFDD-61B88A8773DC} = {CA9AC87F-097E-4F15-8393-4BC07735A5B0}
		{073C361E-B8F4-49F5-93CC-72A3FF49C026} = {CA9AC87F-097E-4F15-8393-4BC07735A5B0}
		{E6D5BF0E-DE92-4D82-A352-EF04B37CB11C} = {CA9AC87F-097E-4F15-8393-4BC07735A5B0}
		{1FE30EB9-74A9-47F5-A9F6-7B1FAB672D81} = {04DBDB01-70F4-4E06-B468-8F87850B22BE}
		{91853F21-9CD9-4132-BC29-A7D5D84FFFE7} = {04DBDB01-70F4-4E06-B468-8F87850B22BE}
		{E512F4D9-9375-480F-A2F6-A46509F9D824} = {04DBDB01-70F4-4E06-B468-8F87850B22BE}
		{EF480016-9127-4916-8735-D2466BDBC582} = {04DBDB01-70F4-4E06-B468-8F87850B22BE}
		{AA94D832-1CCC-4715-95A9-A483F23A1A5D} = {CA9AC87F-097E-4F15-8393-4BC07735A5B0}
		{0E74CA98-2C98-492A-9C19-177E41D0CAC2} = {F6E54B0F-53A7-4E1E-A8DA-48EA1654554B}
		{5390B4E9-3079-468F-A7BC-5E1F17BB52C3} = {0E74CA98-2C98-492A-9C19-177E41D0CAC2}
		{C057BEC6-6771-4AEB-A820-42BCBE6A6A11} = {04DBDB01-70F4-4E06-B468-8F87850B22BE}
		{D1391817-D40B-4F8F-9E5C-4EDA6179D287} = {C057BEC6-6771-4AEB-A820-42BCBE6A6A11}
		{2241194F-78C1-40E4-AFD8-767500F68120} = {C057BEC6-6771-4AEB-A820-42BCBE6A6A11}
		{A478EB63-0D30-4B90-9CCF-3F05639A6CA2} = {C057BEC6-6771-4AEB-A820-42BCBE6A6A11}
		{F856B829-E9B9-4E0B-9C59-867595CE6942} = {C057BEC6-6771-4AEB-A820-42BCBE6A6A11}
		{24B08673-DE4E-47DB-B1C2-1564DC0D26F7} = {C057BEC6-6771-4AEB-A820-42BCBE6A6A11}
		{ED158EA3-D539-4931-9D47-C38D29A64DEC} = {5390B4E9-3079-468F-A7BC-5E1F17BB52C3}
		{8FB9E458-6958-4272-BAD6-8C4F1988918E} = {5390B4E9-3079-468F-A7BC-5E1F17BB52C3}
		{8ADD83D2-DB81-4603-AC82-0A9AF64FB96A} = {5390B4E9-3079-468F-A7BC-5E1F17BB52C3}
		{1A71A34D-BF70-4272-A93B-8D99A9395884} = {5390B4E9-3079-468F-A7BC-5E1F17BB52C3}
		{DA2E97F3-C74F-4948-8F1B-035DA39C4CF1} = {5390B4E9-3079-468F-A7BC-5E1F17BB52C3}
		{386285FA-B76B-4157-9C96-3A5277F5B2DA} = {5390B4E9-3079-468F-A7BC-5E1F17BB52C3}
		{8A34EAAF-01C0-4BC9-9E8F-47705624204D} = {5390B4E9-3079-468F-A7BC-5E1F17BB52C3}
		{3E79520D-DB49-496D-AF9B-2BD40DB8B9F0} = {5390B4E9-3079-468F-A7BC-5E1F17BB52C3}
	EndGlobalSection
	GlobalSection(ExtensibilityGlobals) = postSolution
		SolutionGuid = {28315BFD-90E7-4E14-A2EA-F3D23AF4126F}
	EndGlobalSection
EndGlobal
